PODS:
  - DAO (1.0.3):
    - DAO/CoreData (= 1.0.3)
    - DAO/Realm (= 1.0.3)
  - DAO/CoreData (1.0.3)
  - DAO/Realm (1.0.3):
    - RealmSwift
  - Realm (2.9.1):
    - Realm/Headers (= 2.9.1)
  - Realm/Headers (2.9.1)
  - RealmSwift (2.9.1):
    - Realm (= 2.9.1)

DEPENDENCIES:
  - DAO (from `../`)

EXTERNAL SOURCES:
  DAO:
    :path: ../

SPEC CHECKSUMS:
  DAO: 375828ee8ea8d0479a2e094229ff9a353b7a8344
  Realm: f91fb43bd474c4f731a116ebf7392c75dd015920
  RealmSwift: 207f12a4a36b696c5183c60a1c06d70234a23e56

PODFILE CHECKSUM: 304d7b9f54070467c355fe795db431630f017f61

COCOAPODS: 1.2.1
