PODS:
  - DAO (1.4.1):
    - DAO/CoreData (= 1.4.1)
    - DAO/Realm (= 1.4.1)
  - DAO/CoreData (1.4.1)
  - DAO/Realm (1.4.1):
    - RealmSwift (~> 5.3)
  - Realm (5.3.3):
    - Realm/Headers (= 5.3.3)
  - Realm/Headers (5.3.3)
  - RealmSwift (5.3.3):
    - Realm (= 5.3.3)

DEPENDENCIES:
  - DAO (from `../`)

SPEC REPOS:
  trunk:
    - Realm
    - RealmSwift

EXTERNAL SOURCES:
  DAO:
    :path: "../"

SPEC CHECKSUMS:
  DAO: 027d2c1e53cebecf5c41e494a44a057cb373ebe0
  Realm: 2d57ea355bf8ca2a0964d6bfb38d28d7ff2addf6
  RealmSwift: 0a709536ecea30eea1d3c514f6ade2ed078dee3c

PODFILE CHECKSUM: 304d7b9f54070467c355fe795db431630f017f61

COCOAPODS: 1.9.3
