// !$*UTF8*$!
{
	archiveVersion = 1;
	classes = {
	};
	objectVersion = 50;
	objects = {

/* Begin PBXBuildFile section */
		48BC874C4FE8134679B29670 /* Pods_CoreDataDAO.framework in Frameworks */ = {isa = PBXBuildFile; fileRef = 2E8A9BAF7ECAEC811F5ACE3C /* Pods_CoreDataDAO.framework */; };
		A5A85A8625ADBD73B3EEA43F /* Pods_RealmDAO.framework in Frameworks */ = {isa = PBXBuildFile; fileRef = 3CA293F66C575881DDE04B1E /* Pods_RealmDAO.framework */; };
		CC741223237414070032D352 /* RealmConfiguration.swift in Sources */ = {isa = PBXBuildFile; fileRef = CC741218237414070032D352 /* RealmConfiguration.swift */; };
		CC741224237414070032D352 /* RealmDAO.swift in Sources */ = {isa = PBXBuildFile; fileRef = CC74121A237414070032D352 /* RealmDAO.swift */; };
		CC741225237414070032D352 /* RealmTranslator.swift in Sources */ = {isa = PBXBuildFile; fileRef = CC74121C237414070032D352 /* RealmTranslator.swift */; };
		CC741226237414070032D352 /* CascadeDeletionProtocol.swift in Sources */ = {isa = PBXBuildFile; fileRef = CC74121E237414070032D352 /* CascadeDeletionProtocol.swift */; };
		CC741227237414070032D352 /* RLMEntry.swift in Sources */ = {isa = PBXBuildFile; fileRef = CC74121F237414070032D352 /* RLMEntry.swift */; };
		CC741228237414070032D352 /* Entity.swift in Sources */ = {isa = PBXBuildFile; fileRef = CC741221237414070032D352 /* Entity.swift */; };
		CC741229237414070032D352 /* DAO.swift in Sources */ = {isa = PBXBuildFile; fileRef = CC741222237414070032D352 /* DAO.swift */; };
		CC741234237414420032D352 /* Entity.swift in Sources */ = {isa = PBXBuildFile; fileRef = CC74122B237414420032D352 /* Entity.swift */; };
		CC741235237414420032D352 /* DAO.swift in Sources */ = {isa = PBXBuildFile; fileRef = CC74122C237414420032D352 /* DAO.swift */; };
		CC741236237414420032D352 /* CoreDataConfiguration.swift in Sources */ = {isa = PBXBuildFile; fileRef = CC74122F237414420032D352 /* CoreDataConfiguration.swift */; };
		CC741237237414420032D352 /* CoreDataDAO.swift in Sources */ = {isa = PBXBuildFile; fileRef = CC741231237414420032D352 /* CoreDataDAO.swift */; };
		CC741238237414420032D352 /* CoreDataTranslator.swift in Sources */ = {isa = PBXBuildFile; fileRef = CC741233237414420032D352 /* CoreDataTranslator.swift */; };
/* End PBXBuildFile section */

/* Begin PBXCopyFilesBuildPhase section */
		CC741207237412EB0032D352 /* Embed Frameworks */ = {
			isa = PBXCopyFilesBuildPhase;
			buildActionMask = 2147483647;
			dstPath = "";
			dstSubfolderSpec = 10;
			files = (
			);
			name = "Embed Frameworks";
			runOnlyForDeploymentPostprocessing = 0;
		};
/* End PBXCopyFilesBuildPhase section */

/* Begin PBXFileReference section */
		2E8A9BAF7ECAEC811F5ACE3C /* Pods_CoreDataDAO.framework */ = {isa = PBXFileReference; explicitFileType = wrapper.framework; includeInIndex = 0; path = Pods_CoreDataDAO.framework; sourceTree = BUILT_PRODUCTS_DIR; };
		3CA293F66C575881DDE04B1E /* Pods_RealmDAO.framework */ = {isa = PBXFileReference; explicitFileType = wrapper.framework; includeInIndex = 0; path = Pods_RealmDAO.framework; sourceTree = BUILT_PRODUCTS_DIR; };
		50E6127A1CFFD5C64BD5C4C0 /* Pods-RealmDAO.debug.xcconfig */ = {isa = PBXFileReference; includeInIndex = 1; lastKnownFileType = text.xcconfig; name = "Pods-RealmDAO.debug.xcconfig"; path = "Target Support Files/Pods-RealmDAO/Pods-RealmDAO.debug.xcconfig"; sourceTree = "<group>"; };
		5EEB202F6918AB3DB4D5F157 /* Pods-CoreDataDAO.release.xcconfig */ = {isa = PBXFileReference; includeInIndex = 1; lastKnownFileType = text.xcconfig; name = "Pods-CoreDataDAO.release.xcconfig"; path = "Target Support Files/Pods-CoreDataDAO/Pods-CoreDataDAO.release.xcconfig"; sourceTree = "<group>"; };
		B2C2591874CB39D025BA9678 /* Pods-CoreDataDAO.debug.xcconfig */ = {isa = PBXFileReference; includeInIndex = 1; lastKnownFileType = text.xcconfig; name = "Pods-CoreDataDAO.debug.xcconfig"; path = "Target Support Files/Pods-CoreDataDAO/Pods-CoreDataDAO.debug.xcconfig"; sourceTree = "<group>"; };
		BB6593BCAA1FA4DC2224EB94 /* Pods-RealmDAO.release.xcconfig */ = {isa = PBXFileReference; includeInIndex = 1; lastKnownFileType = text.xcconfig; name = "Pods-RealmDAO.release.xcconfig"; path = "Target Support Files/Pods-RealmDAO/Pods-RealmDAO.release.xcconfig"; sourceTree = "<group>"; };
		CC7411D62374124D0032D352 /* RealmDAO.framework */ = {isa = PBXFileReference; explicitFileType = wrapper.framework; includeInIndex = 0; path = RealmDAO.framework; sourceTree = BUILT_PRODUCTS_DIR; };
		CC7411E4237412650032D352 /* CoreDataDAO.framework */ = {isa = PBXFileReference; explicitFileType = wrapper.framework; includeInIndex = 0; path = CoreDataDAO.framework; sourceTree = BUILT_PRODUCTS_DIR; };
		CC741218237414070032D352 /* RealmConfiguration.swift */ = {isa = PBXFileReference; fileEncoding = 4; lastKnownFileType = sourcecode.swift; path = RealmConfiguration.swift; sourceTree = "<group>"; };
		CC74121A237414070032D352 /* RealmDAO.swift */ = {isa = PBXFileReference; fileEncoding = 4; lastKnownFileType = sourcecode.swift; path = RealmDAO.swift; sourceTree = "<group>"; };
		CC74121C237414070032D352 /* RealmTranslator.swift */ = {isa = PBXFileReference; fileEncoding = 4; lastKnownFileType = sourcecode.swift; path = RealmTranslator.swift; sourceTree = "<group>"; };
		CC74121E237414070032D352 /* CascadeDeletionProtocol.swift */ = {isa = PBXFileReference; fileEncoding = 4; lastKnownFileType = sourcecode.swift; path = CascadeDeletionProtocol.swift; sourceTree = "<group>"; };
		CC74121F237414070032D352 /* RLMEntry.swift */ = {isa = PBXFileReference; fileEncoding = 4; lastKnownFileType = sourcecode.swift; path = RLMEntry.swift; sourceTree = "<group>"; };
		CC741221237414070032D352 /* Entity.swift */ = {isa = PBXFileReference; fileEncoding = 4; lastKnownFileType = sourcecode.swift; path = Entity.swift; sourceTree = "<group>"; };
		CC741222237414070032D352 /* DAO.swift */ = {isa = PBXFileReference; fileEncoding = 4; lastKnownFileType = sourcecode.swift; path = DAO.swift; sourceTree = "<group>"; };
		CC74122B237414420032D352 /* Entity.swift */ = {isa = PBXFileReference; fileEncoding = 4; lastKnownFileType = sourcecode.swift; path = Entity.swift; sourceTree = "<group>"; };
		CC74122C237414420032D352 /* DAO.swift */ = {isa = PBXFileReference; fileEncoding = 4; lastKnownFileType = sourcecode.swift; path = DAO.swift; sourceTree = "<group>"; };
		CC74122F237414420032D352 /* CoreDataConfiguration.swift */ = {isa = PBXFileReference; fileEncoding = 4; lastKnownFileType = sourcecode.swift; path = CoreDataConfiguration.swift; sourceTree = "<group>"; };
		CC741231237414420032D352 /* CoreDataDAO.swift */ = {isa = PBXFileReference; fileEncoding = 4; lastKnownFileType = sourcecode.swift; path = CoreDataDAO.swift; sourceTree = "<group>"; };
		CC741233237414420032D352 /* CoreDataTranslator.swift */ = {isa = PBXFileReference; fileEncoding = 4; lastKnownFileType = sourcecode.swift; path = CoreDataTranslator.swift; sourceTree = "<group>"; };
		CC74123923741CB20032D352 /* RealmSwift.framework */ = {isa = PBXFileReference; lastKnownFileType = wrapper.framework; name = RealmSwift.framework; path = Carthage/Build/iOS/RealmSwift.framework; sourceTree = "<group>"; };
		CCF3733D2375451600536DE9 /* Info.plist */ = {isa = PBXFileReference; fileEncoding = 4; lastKnownFileType = text.plist.xml; name = Info.plist; path = "DAO/Supporting Files/Info.plist"; sourceTree = "<group>"; };
/* End PBXFileReference section */

/* Begin PBXFrameworksBuildPhase section */
		CC7411D32374124D0032D352 /* Frameworks */ = {
			isa = PBXFrameworksBuildPhase;
			buildActionMask = 2147483647;
			files = (
				A5A85A8625ADBD73B3EEA43F /* Pods_RealmDAO.framework in Frameworks */,
			);
			runOnlyForDeploymentPostprocessing = 0;
		};
		CC7411E1237412650032D352 /* Frameworks */ = {
			isa = PBXFrameworksBuildPhase;
			buildActionMask = 2147483647;
			files = (
				48BC874C4FE8134679B29670 /* Pods_CoreDataDAO.framework in Frameworks */,
			);
			runOnlyForDeploymentPostprocessing = 0;
		};
/* End PBXFrameworksBuildPhase section */

/* Begin PBXGroup section */
		9BBD4E66B9CEA0C2F7995438 /* Pods */ = {
			isa = PBXGroup;
			children = (
				B2C2591874CB39D025BA9678 /* Pods-CoreDataDAO.debug.xcconfig */,
				5EEB202F6918AB3DB4D5F157 /* Pods-CoreDataDAO.release.xcconfig */,
				50E6127A1CFFD5C64BD5C4C0 /* Pods-RealmDAO.debug.xcconfig */,
				BB6593BCAA1FA4DC2224EB94 /* Pods-RealmDAO.release.xcconfig */,
			);
			name = Pods;
			path = Pods;
			sourceTree = "<group>";
		};
		CC7411CA2374116F0032D352 = {
			isa = PBXGroup;
			children = (
				CCF3733D2375451600536DE9 /* Info.plist */,
				CC7411D82374124D0032D352 /* RealmDAO */,
				CC7411E5237412650032D352 /* CoreDataDAO */,
				CC7411D72374124D0032D352 /* Products */,
				CC7411FD237412E30032D352 /* Frameworks */,
				9BBD4E66B9CEA0C2F7995438 /* Pods */,
			);
			sourceTree = "<group>";
		};
		CC7411D72374124D0032D352 /* Products */ = {
			isa = PBXGroup;
			children = (
				CC7411D62374124D0032D352 /* RealmDAO.framework */,
				CC7411E4237412650032D352 /* CoreDataDAO.framework */,
			);
			name = Products;
			sourceTree = "<group>";
		};
		CC7411D82374124D0032D352 /* RealmDAO */ = {
			isa = PBXGroup;
			children = (
				CC741220237414070032D352 /* Core */,
				CC741216237414070032D352 /* RealmDAO */,
			);
			name = RealmDAO;
			sourceTree = "<group>";
		};
		CC7411E5237412650032D352 /* CoreDataDAO */ = {
			isa = PBXGroup;
			children = (
				CC74122A237414420032D352 /* Core */,
				CC74122D237414420032D352 /* CoreDataDAO */,
			);
			name = CoreDataDAO;
			sourceTree = "<group>";
		};
		CC7411FD237412E30032D352 /* Frameworks */ = {
			isa = PBXGroup;
			children = (
				CC74123923741CB20032D352 /* RealmSwift.framework */,
				2E8A9BAF7ECAEC811F5ACE3C /* Pods_CoreDataDAO.framework */,
				3CA293F66C575881DDE04B1E /* Pods_RealmDAO.framework */,
			);
			name = Frameworks;
			sourceTree = "<group>";
		};
		CC741216237414070032D352 /* RealmDAO */ = {
			isa = PBXGroup;
			children = (
				CC741217237414070032D352 /* Configuration */,
				CC741219237414070032D352 /* DAO */,
				CC74121B237414070032D352 /* Translator */,
				CC74121D237414070032D352 /* Model */,
			);
			name = RealmDAO;
			path = DAO/Classes/RealmDAO;
			sourceTree = SOURCE_ROOT;
		};
		CC741217237414070032D352 /* Configuration */ = {
			isa = PBXGroup;
			children = (
				CC741218237414070032D352 /* RealmConfiguration.swift */,
			);
			path = Configuration;
			sourceTree = "<group>";
		};
		CC741219237414070032D352 /* DAO */ = {
			isa = PBXGroup;
			children = (
				CC74121A237414070032D352 /* RealmDAO.swift */,
			);
			path = DAO;
			sourceTree = "<group>";
		};
		CC74121B237414070032D352 /* Translator */ = {
			isa = PBXGroup;
			children = (
				CC74121C237414070032D352 /* RealmTranslator.swift */,
			);
			path = Translator;
			sourceTree = "<group>";
		};
		CC74121D237414070032D352 /* Model */ = {
			isa = PBXGroup;
			children = (
				CC74121E237414070032D352 /* CascadeDeletionProtocol.swift */,
				CC74121F237414070032D352 /* RLMEntry.swift */,
			);
			path = Model;
			sourceTree = "<group>";
		};
		CC741220237414070032D352 /* Core */ = {
			isa = PBXGroup;
			children = (
				CC741221237414070032D352 /* Entity.swift */,
				CC741222237414070032D352 /* DAO.swift */,
			);
			name = Core;
			path = DAO/Classes/Core;
			sourceTree = SOURCE_ROOT;
		};
		CC74122A237414420032D352 /* Core */ = {
			isa = PBXGroup;
			children = (
				CC74122B237414420032D352 /* Entity.swift */,
				CC74122C237414420032D352 /* DAO.swift */,
			);
			name = Core;
			path = DAO/Classes/Core;
			sourceTree = SOURCE_ROOT;
		};
		CC74122D237414420032D352 /* CoreDataDAO */ = {
			isa = PBXGroup;
			children = (
				CC74122E237414420032D352 /* Configuration */,
				CC741230237414420032D352 /* DAO */,
				CC741232237414420032D352 /* Translator */,
			);
			name = CoreDataDAO;
			path = DAO/Classes/CoreDataDAO;
			sourceTree = SOURCE_ROOT;
		};
		CC74122E237414420032D352 /* Configuration */ = {
			isa = PBXGroup;
			children = (
				CC74122F237414420032D352 /* CoreDataConfiguration.swift */,
			);
			path = Configuration;
			sourceTree = "<group>";
		};
		CC741230237414420032D352 /* DAO */ = {
			isa = PBXGroup;
			children = (
				CC741231237414420032D352 /* CoreDataDAO.swift */,
			);
			path = DAO;
			sourceTree = "<group>";
		};
		CC741232237414420032D352 /* Translator */ = {
			isa = PBXGroup;
			children = (
				CC741233237414420032D352 /* CoreDataTranslator.swift */,
			);
			path = Translator;
			sourceTree = "<group>";
		};
/* End PBXGroup section */

/* Begin PBXHeadersBuildPhase section */
		CC7411D12374124D0032D352 /* Headers */ = {
			isa = PBXHeadersBuildPhase;
			buildActionMask = 2147483647;
			files = (
			);
			runOnlyForDeploymentPostprocessing = 0;
		};
		CC7411DF237412650032D352 /* Headers */ = {
			isa = PBXHeadersBuildPhase;
			buildActionMask = 2147483647;
			files = (
			);
			runOnlyForDeploymentPostprocessing = 0;
		};
/* End PBXHeadersBuildPhase section */

/* Begin PBXNativeTarget section */
		CC7411D52374124D0032D352 /* RealmDAO */ = {
			isa = PBXNativeTarget;
			buildConfigurationList = CC7411DE2374124D0032D352 /* Build configuration list for PBXNativeTarget "RealmDAO" */;
			buildPhases = (
				17FFAD6DEDF561AB3CECEB03 /* [CP] Check Pods Manifest.lock */,
				CC7411D12374124D0032D352 /* Headers */,
				CC7411D22374124D0032D352 /* Sources */,
				CC7411D32374124D0032D352 /* Frameworks */,
				CC7411D42374124D0032D352 /* Resources */,
			);
			buildRules = (
			);
			dependencies = (
			);
			name = RealmDAO;
			productName = RealmDAO;
			productReference = CC7411D62374124D0032D352 /* RealmDAO.framework */;
			productType = "com.apple.product-type.framework";
		};
		CC7411E3237412650032D352 /* CoreDataDAO */ = {
			isa = PBXNativeTarget;
			buildConfigurationList = CC7411E9237412650032D352 /* Build configuration list for PBXNativeTarget "CoreDataDAO" */;
			buildPhases = (
				FEB9F6DAC170B0F648B677DE /* [CP] Check Pods Manifest.lock */,
				CC7411DF237412650032D352 /* Headers */,
				CC7411E0237412650032D352 /* Sources */,
				CC7411E1237412650032D352 /* Frameworks */,
				CC7411E2237412650032D352 /* Resources */,
				CC741207237412EB0032D352 /* Embed Frameworks */,
			);
			buildRules = (
			);
			dependencies = (
			);
			name = CoreDataDAO;
			productName = CoreDataDAO;
			productReference = CC7411E4237412650032D352 /* CoreDataDAO.framework */;
			productType = "com.apple.product-type.framework";
		};
/* End PBXNativeTarget section */

/* Begin PBXProject section */
		CC7411CB2374116F0032D352 /* Project object */ = {
			isa = PBXProject;
			attributes = {
				LastUpgradeCheck = 1120;
				TargetAttributes = {
					CC7411D52374124D0032D352 = {
						CreatedOnToolsVersion = 11.2;
					};
					CC7411E3237412650032D352 = {
						CreatedOnToolsVersion = 11.2;
					};
				};
			};
			buildConfigurationList = CC7411CE2374116F0032D352 /* Build configuration list for PBXProject "DAO" */;
			compatibilityVersion = "Xcode 9.3";
			developmentRegion = en;
			hasScannedForEncodings = 0;
			knownRegions = (
				en,
				Base,
			);
			mainGroup = CC7411CA2374116F0032D352;
			productRefGroup = CC7411D72374124D0032D352 /* Products */;
			projectDirPath = "";
			projectRoot = "";
			targets = (
				CC7411D52374124D0032D352 /* RealmDAO */,
				CC7411E3237412650032D352 /* CoreDataDAO */,
			);
		};
/* End PBXProject section */

/* Begin PBXResourcesBuildPhase section */
		CC7411D42374124D0032D352 /* Resources */ = {
			isa = PBXResourcesBuildPhase;
			buildActionMask = 2147483647;
			files = (
			);
			runOnlyForDeploymentPostprocessing = 0;
		};
		CC7411E2237412650032D352 /* Resources */ = {
			isa = PBXResourcesBuildPhase;
			buildActionMask = 2147483647;
			files = (
			);
			runOnlyForDeploymentPostprocessing = 0;
		};
/* End PBXResourcesBuildPhase section */

/* Begin PBXShellScriptBuildPhase section */
		17FFAD6DEDF561AB3CECEB03 /* [CP] Check Pods Manifest.lock */ = {
			isa = PBXShellScriptBuildPhase;
			buildActionMask = 2147483647;
			files = (
			);
			inputFileListPaths = (
			);
			inputPaths = (
				"${PODS_PODFILE_DIR_PATH}/Podfile.lock",
				"${PODS_ROOT}/Manifest.lock",
			);
			name = "[CP] Check Pods Manifest.lock";
			outputFileListPaths = (
			);
			outputPaths = (
				"$(DERIVED_FILE_DIR)/Pods-RealmDAO-checkManifestLockResult.txt",
			);
			runOnlyForDeploymentPostprocessing = 0;
			shellPath = /bin/sh;
			shellScript = "diff \"${PODS_PODFILE_DIR_PATH}/Podfile.lock\" \"${PODS_ROOT}/Manifest.lock\" > /dev/null\nif [ $? != 0 ] ; then\n    # print error to STDERR\n    echo \"error: The sandbox is not in sync with the Podfile.lock. Run 'pod install' or update your CocoaPods installation.\" >&2\n    exit 1\nfi\n# This output is used by Xcode 'outputs' to avoid re-running this script phase.\necho \"SUCCESS\" > \"${SCRIPT_OUTPUT_FILE_0}\"\n";
			showEnvVarsInLog = 0;
		};
		FEB9F6DAC170B0F648B677DE /* [CP] Check Pods Manifest.lock */ = {
			isa = PBXShellScriptBuildPhase;
			buildActionMask = 2147483647;
			files = (
			);
			inputFileListPaths = (
			);
			inputPaths = (
				"${PODS_PODFILE_DIR_PATH}/Podfile.lock",
				"${PODS_ROOT}/Manifest.lock",
			);
			name = "[CP] Check Pods Manifest.lock";
			outputFileListPaths = (
			);
			outputPaths = (
				"$(DERIVED_FILE_DIR)/Pods-CoreDataDAO-checkManifestLockResult.txt",
			);
			runOnlyForDeploymentPostprocessing = 0;
			shellPath = /bin/sh;
			shellScript = "diff \"${PODS_PODFILE_DIR_PATH}/Podfile.lock\" \"${PODS_ROOT}/Manifest.lock\" > /dev/null\nif [ $? != 0 ] ; then\n    # print error to STDERR\n    echo \"error: The sandbox is not in sync with the Podfile.lock. Run 'pod install' or update your CocoaPods installation.\" >&2\n    exit 1\nfi\n# This output is used by Xcode 'outputs' to avoid re-running this script phase.\necho \"SUCCESS\" > \"${SCRIPT_OUTPUT_FILE_0}\"\n";
			showEnvVarsInLog = 0;
		};
/* End PBXShellScriptBuildPhase section */

/* Begin PBXSourcesBuildPhase section */
		CC7411D22374124D0032D352 /* Sources */ = {
			isa = PBXSourcesBuildPhase;
			buildActionMask = 2147483647;
			files = (
				CC741229237414070032D352 /* DAO.swift in Sources */,
				CC741225237414070032D352 /* RealmTranslator.swift in Sources */,
				CC741224237414070032D352 /* RealmDAO.swift in Sources */,
				CC741228237414070032D352 /* Entity.swift in Sources */,
				CC741226237414070032D352 /* CascadeDeletionProtocol.swift in Sources */,
				CC741227237414070032D352 /* RLMEntry.swift in Sources */,
				CC741223237414070032D352 /* RealmConfiguration.swift in Sources */,
			);
			runOnlyForDeploymentPostprocessing = 0;
		};
		CC7411E0237412650032D352 /* Sources */ = {
			isa = PBXSourcesBuildPhase;
			buildActionMask = 2147483647;
			files = (
				CC741236237414420032D352 /* CoreDataConfiguration.swift in Sources */,
				CC741235237414420032D352 /* DAO.swift in Sources */,
				CC741234237414420032D352 /* Entity.swift in Sources */,
				CC741238237414420032D352 /* CoreDataTranslator.swift in Sources */,
				CC741237237414420032D352 /* CoreDataDAO.swift in Sources */,
			);
			runOnlyForDeploymentPostprocessing = 0;
		};
/* End PBXSourcesBuildPhase section */

/* Begin XCBuildConfiguration section */
		CC7411CF2374116F0032D352 /* Debug */ = {
			isa = XCBuildConfiguration;
			buildSettings = {
			};
			name = Debug;
		};
		CC7411D02374116F0032D352 /* Release */ = {
			isa = XCBuildConfiguration;
			buildSettings = {
			};
			name = Release;
		};
		CC7411DC2374124D0032D352 /* Debug */ = {
			isa = XCBuildConfiguration;
			baseConfigurationReference = 50E6127A1CFFD5C64BD5C4C0 /* Pods-RealmDAO.debug.xcconfig */;
			buildSettings = {
				ALWAYS_SEARCH_USER_PATHS = NO;
				CLANG_ANALYZER_NONNULL = YES;
				CLANG_ANALYZER_NUMBER_OBJECT_CONVERSION = YES_AGGRESSIVE;
				CLANG_CXX_LANGUAGE_STANDARD = "gnu++14";
				CLANG_CXX_LIBRARY = "libc++";
				CLANG_ENABLE_MODULES = YES;
				CLANG_ENABLE_OBJC_ARC = YES;
				CLANG_ENABLE_OBJC_WEAK = YES;
				CLANG_WARN_BLOCK_CAPTURE_AUTORELEASING = YES;
				CLANG_WARN_BOOL_CONVERSION = YES;
				CLANG_WARN_COMMA = YES;
				CLANG_WARN_CONSTANT_CONVERSION = YES;
				CLANG_WARN_DEPRECATED_OBJC_IMPLEMENTATIONS = YES;
				CLANG_WARN_DIRECT_OBJC_ISA_USAGE = YES_ERROR;
				CLANG_WARN_DOCUMENTATION_COMMENTS = YES;
				CLANG_WARN_EMPTY_BODY = YES;
				CLANG_WARN_ENUM_CONVERSION = YES;
				CLANG_WARN_INFINITE_RECURSION = YES;
				CLANG_WARN_INT_CONVERSION = YES;
				CLANG_WARN_NON_LITERAL_NULL_CONVERSION = YES;
				CLANG_WARN_OBJC_IMPLICIT_RETAIN_SELF = YES;
				CLANG_WARN_OBJC_LITERAL_CONVERSION = YES;
				CLANG_WARN_OBJC_ROOT_CLASS = YES_ERROR;
				CLANG_WARN_RANGE_LOOP_ANALYSIS = YES;
				CLANG_WARN_STRICT_PROTOTYPES = YES;
				CLANG_WARN_SUSPICIOUS_MOVE = YES;
				CLANG_WARN_UNGUARDED_AVAILABILITY = YES_AGGRESSIVE;
				CLANG_WARN_UNREACHABLE_CODE = YES;
				CLANG_WARN__DUPLICATE_METHOD_MATCH = YES;
				CODE_SIGN_STYLE = Automatic;
				COPY_PHASE_STRIP = NO;
				CURRENT_PROJECT_VERSION = 1;
				DEBUG_INFORMATION_FORMAT = dwarf;
				DEFINES_MODULE = YES;
				DYLIB_COMPATIBILITY_VERSION = 1;
				DYLIB_CURRENT_VERSION = 1;
				DYLIB_INSTALL_NAME_BASE = "@rpath";
				ENABLE_STRICT_OBJC_MSGSEND = YES;
				ENABLE_TESTABILITY = YES;
				FRAMEWORK_SEARCH_PATHS = (
					"$(inherited)",
					"$(PROJECT_DIR)/Carthage/Build/iOS",
				);
				GCC_C_LANGUAGE_STANDARD = gnu11;
				GCC_DYNAMIC_NO_PIC = NO;
				GCC_NO_COMMON_BLOCKS = YES;
				GCC_OPTIMIZATION_LEVEL = 0;
				GCC_PREPROCESSOR_DEFINITIONS = (
					"DEBUG=1",
					"$(inherited)",
				);
				GCC_WARN_64_TO_32_BIT_CONVERSION = YES;
				GCC_WARN_ABOUT_RETURN_TYPE = YES_ERROR;
				GCC_WARN_UNDECLARED_SELECTOR = YES;
				GCC_WARN_UNINITIALIZED_AUTOS = YES_AGGRESSIVE;
				GCC_WARN_UNUSED_FUNCTION = YES;
				GCC_WARN_UNUSED_VARIABLE = YES;
				INFOPLIST_FILE = "$(SRCROOT)/DAO/Supporting Files/Info.plist";
				INSTALL_PATH = "$(LOCAL_LIBRARY_DIR)/Frameworks";
				IPHONEOS_DEPLOYMENT_TARGET = 9.0;
				LD_RUNPATH_SEARCH_PATHS = (
					"$(inherited)",
					"@executable_path/Frameworks",
					"@loader_path/Frameworks",
				);
				MARKETING_VERSION = 1.5.0;
				MTL_ENABLE_DEBUG_INFO = INCLUDE_SOURCE;
				MTL_FAST_MATH = YES;
				ONLY_ACTIVE_ARCH = YES;
				PRODUCT_BUNDLE_IDENTIFIER = ru.redmadrobot.RealmDAO;
				PRODUCT_NAME = "$(TARGET_NAME:c99extidentifier)";
				SDKROOT = iphoneos;
				SKIP_INSTALL = YES;
				SWIFT_ACTIVE_COMPILATION_CONDITIONS = DEBUG;
				SWIFT_OPTIMIZATION_LEVEL = "-Onone";
				SWIFT_VERSION = 5.0;
				TARGETED_DEVICE_FAMILY = "1,2";
				VERSIONING_SYSTEM = "apple-generic";
				VERSION_INFO_PREFIX = "";
			};
			name = Debug;
		};
		CC7411DD2374124D0032D352 /* Release */ = {
			isa = XCBuildConfiguration;
			baseConfigurationReference = BB6593BCAA1FA4DC2224EB94 /* Pods-RealmDAO.release.xcconfig */;
			buildSettings = {
				ALWAYS_SEARCH_USER_PATHS = NO;
				CLANG_ANALYZER_NONNULL = YES;
				CLANG_ANALYZER_NUMBER_OBJECT_CONVERSION = YES_AGGRESSIVE;
				CLANG_CXX_LANGUAGE_STANDARD = "gnu++14";
				CLANG_CXX_LIBRARY = "libc++";
				CLANG_ENABLE_MODULES = YES;
				CLANG_ENABLE_OBJC_ARC = YES;
				CLANG_ENABLE_OBJC_WEAK = YES;
				CLANG_WARN_BLOCK_CAPTURE_AUTORELEASING = YES;
				CLANG_WARN_BOOL_CONVERSION = YES;
				CLANG_WARN_COMMA = YES;
				CLANG_WARN_CONSTANT_CONVERSION = YES;
				CLANG_WARN_DEPRECATED_OBJC_IMPLEMENTATIONS = YES;
				CLANG_WARN_DIRECT_OBJC_ISA_USAGE = YES_ERROR;
				CLANG_WARN_DOCUMENTATION_COMMENTS = YES;
				CLANG_WARN_EMPTY_BODY = YES;
				CLANG_WARN_ENUM_CONVERSION = YES;
				CLANG_WARN_INFINITE_RECURSION = YES;
				CLANG_WARN_INT_CONVERSION = YES;
				CLANG_WARN_NON_LITERAL_NULL_CONVERSION = YES;
				CLANG_WARN_OBJC_IMPLICIT_RETAIN_SELF = YES;
				CLANG_WARN_OBJC_LITERAL_CONVERSION = YES;
				CLANG_WARN_OBJC_ROOT_CLASS = YES_ERROR;
				CLANG_WARN_RANGE_LOOP_ANALYSIS = YES;
				CLANG_WARN_STRICT_PROTOTYPES = YES;
				CLANG_WARN_SUSPICIOUS_MOVE = YES;
				CLANG_WARN_UNGUARDED_AVAILABILITY = YES_AGGRESSIVE;
				CLANG_WARN_UNREACHABLE_CODE = YES;
				CLANG_WARN__DUPLICATE_METHOD_MATCH = YES;
				CODE_SIGN_STYLE = Automatic;
				COPY_PHASE_STRIP = NO;
				CURRENT_PROJECT_VERSION = 1;
				DEBUG_INFORMATION_FORMAT = "dwarf-with-dsym";
				DEFINES_MODULE = YES;
				DYLIB_COMPATIBILITY_VERSION = 1;
				DYLIB_CURRENT_VERSION = 1;
				DYLIB_INSTALL_NAME_BASE = "@rpath";
				ENABLE_NS_ASSERTIONS = NO;
				ENABLE_STRICT_OBJC_MSGSEND = YES;
				FRAMEWORK_SEARCH_PATHS = (
					"$(inherited)",
					"$(PROJECT_DIR)/Carthage/Build/iOS",
				);
				GCC_C_LANGUAGE_STANDARD = gnu11;
				GCC_NO_COMMON_BLOCKS = YES;
				GCC_WARN_64_TO_32_BIT_CONVERSION = YES;
				GCC_WARN_ABOUT_RETURN_TYPE = YES_ERROR;
				GCC_WARN_UNDECLARED_SELECTOR = YES;
				GCC_WARN_UNINITIALIZED_AUTOS = YES_AGGRESSIVE;
				GCC_WARN_UNUSED_FUNCTION = YES;
				GCC_WARN_UNUSED_VARIABLE = YES;
				INFOPLIST_FILE = "$(SRCROOT)/DAO/Supporting Files/Info.plist";
				INSTALL_PATH = "$(LOCAL_LIBRARY_DIR)/Frameworks";
				IPHONEOS_DEPLOYMENT_TARGET = 9.0;
				LD_RUNPATH_SEARCH_PATHS = (
					"$(inherited)",
					"@executable_path/Frameworks",
					"@loader_path/Frameworks",
				);
				MARKETING_VERSION = 1.5.0;
				MTL_ENABLE_DEBUG_INFO = NO;
				MTL_FAST_MATH = YES;
				PRODUCT_BUNDLE_IDENTIFIER = ru.redmadrobot.RealmDAO;
				PRODUCT_NAME = "$(TARGET_NAME:c99extidentifier)";
				SDKROOT = iphoneos;
				SKIP_INSTALL = YES;
				SWIFT_COMPILATION_MODE = wholemodule;
				SWIFT_OPTIMIZATION_LEVEL = "-O";
				SWIFT_VERSION = 5.0;
				TARGETED_DEVICE_FAMILY = "1,2";
				VALIDATE_PRODUCT = YES;
				VERSIONING_SYSTEM = "apple-generic";
				VERSION_INFO_PREFIX = "";
			};
			name = Release;
		};
		CC7411EA237412650032D352 /* Debug */ = {
			isa = XCBuildConfiguration;
			baseConfigurationReference = B2C2591874CB39D025BA9678 /* Pods-CoreDataDAO.debug.xcconfig */;
			buildSettings = {
				ALWAYS_SEARCH_USER_PATHS = NO;
				CLANG_ANALYZER_NONNULL = YES;
				CLANG_ANALYZER_NUMBER_OBJECT_CONVERSION = YES_AGGRESSIVE;
				CLANG_CXX_LANGUAGE_STANDARD = "gnu++14";
				CLANG_CXX_LIBRARY = "libc++";
				CLANG_ENABLE_MODULES = YES;
				CLANG_ENABLE_OBJC_ARC = YES;
				CLANG_ENABLE_OBJC_WEAK = YES;
				CLANG_WARN_BLOCK_CAPTURE_AUTORELEASING = YES;
				CLANG_WARN_BOOL_CONVERSION = YES;
				CLANG_WARN_COMMA = YES;
				CLANG_WARN_CONSTANT_CONVERSION = YES;
				CLANG_WARN_DEPRECATED_OBJC_IMPLEMENTATIONS = YES;
				CLANG_WARN_DIRECT_OBJC_ISA_USAGE = YES_ERROR;
				CLANG_WARN_DOCUMENTATION_COMMENTS = YES;
				CLANG_WARN_EMPTY_BODY = YES;
				CLANG_WARN_ENUM_CONVERSION = YES;
				CLANG_WARN_INFINITE_RECURSION = YES;
				CLANG_WARN_INT_CONVERSION = YES;
				CLANG_WARN_NON_LITERAL_NULL_CONVERSION = YES;
				CLANG_WARN_OBJC_IMPLICIT_RETAIN_SELF = YES;
				CLANG_WARN_OBJC_LITERAL_CONVERSION = YES;
				CLANG_WARN_OBJC_ROOT_CLASS = YES_ERROR;
				CLANG_WARN_RANGE_LOOP_ANALYSIS = YES;
				CLANG_WARN_STRICT_PROTOTYPES = YES;
				CLANG_WARN_SUSPICIOUS_MOVE = YES;
				CLANG_WARN_UNGUARDED_AVAILABILITY = YES_AGGRESSIVE;
				CLANG_WARN_UNREACHABLE_CODE = YES;
				CLANG_WARN__DUPLICATE_METHOD_MATCH = YES;
				CODE_SIGN_STYLE = Automatic;
				COPY_PHASE_STRIP = NO;
				CURRENT_PROJECT_VERSION = 1;
				DEBUG_INFORMATION_FORMAT = dwarf;
				DEFINES_MODULE = YES;
				DYLIB_COMPATIBILITY_VERSION = 1;
				DYLIB_CURRENT_VERSION = 1;
				DYLIB_INSTALL_NAME_BASE = "@rpath";
				ENABLE_STRICT_OBJC_MSGSEND = YES;
				ENABLE_TESTABILITY = YES;
				GCC_C_LANGUAGE_STANDARD = gnu11;
				GCC_DYNAMIC_NO_PIC = NO;
				GCC_NO_COMMON_BLOCKS = YES;
				GCC_OPTIMIZATION_LEVEL = 0;
				GCC_PREPROCESSOR_DEFINITIONS = (
					"DEBUG=1",
					"$(inherited)",
				);
				GCC_WARN_64_TO_32_BIT_CONVERSION = YES;
				GCC_WARN_ABOUT_RETURN_TYPE = YES_ERROR;
				GCC_WARN_UNDECLARED_SELECTOR = YES;
				GCC_WARN_UNINITIALIZED_AUTOS = YES_AGGRESSIVE;
				GCC_WARN_UNUSED_FUNCTION = YES;
				GCC_WARN_UNUSED_VARIABLE = YES;
				INFOPLIST_FILE = "$(SRCROOT)/DAO/Supporting Files/Info.plist";
				INSTALL_PATH = "$(LOCAL_LIBRARY_DIR)/Frameworks";
				IPHONEOS_DEPLOYMENT_TARGET = 9.0;
				LD_RUNPATH_SEARCH_PATHS = (
					"$(inherited)",
					"@executable_path/Frameworks",
					"@loader_path/Frameworks",
				);
				MARKETING_VERSION = 1.5.0;
				MTL_ENABLE_DEBUG_INFO = INCLUDE_SOURCE;
				MTL_FAST_MATH = YES;
				ONLY_ACTIVE_ARCH = YES;
				PRODUCT_BUNDLE_IDENTIFIER = ru.redmadrobot.CoreDataDAO;
				PRODUCT_NAME = "$(TARGET_NAME:c99extidentifier)";
				SDKROOT = iphoneos;
				SKIP_INSTALL = YES;
				SWIFT_ACTIVE_COMPILATION_CONDITIONS = DEBUG;
				SWIFT_OPTIMIZATION_LEVEL = "-Onone";
				SWIFT_VERSION = 5.0;
				TARGETED_DEVICE_FAMILY = "1,2";
				VERSIONING_SYSTEM = "apple-generic";
				VERSION_INFO_PREFIX = "";
			};
			name = Debug;
		};
		CC7411EB237412650032D352 /* Release */ = {
			isa = XCBuildConfiguration;
			baseConfigurationReference = 5EEB202F6918AB3DB4D5F157 /* Pods-CoreDataDAO.release.xcconfig */;
			buildSettings = {
				ALWAYS_SEARCH_USER_PATHS = NO;
				CLANG_ANALYZER_NONNULL = YES;
				CLANG_ANALYZER_NUMBER_OBJECT_CONVERSION = YES_AGGRESSIVE;
				CLANG_CXX_LANGUAGE_STANDARD = "gnu++14";
				CLANG_CXX_LIBRARY = "libc++";
				CLANG_ENABLE_MODULES = YES;
				CLANG_ENABLE_OBJC_ARC = YES;
				CLANG_ENABLE_OBJC_WEAK = YES;
				CLANG_WARN_BLOCK_CAPTURE_AUTORELEASING = YES;
				CLANG_WARN_BOOL_CONVERSION = YES;
				CLANG_WARN_COMMA = YES;
				CLANG_WARN_CONSTANT_CONVERSION = YES;
				CLANG_WARN_DEPRECATED_OBJC_IMPLEMENTATIONS = YES;
				CLANG_WARN_DIRECT_OBJC_ISA_USAGE = YES_ERROR;
				CLANG_WARN_DOCUMENTATION_COMMENTS = YES;
				CLANG_WARN_EMPTY_BODY = YES;
				CLANG_WARN_ENUM_CONVERSION = YES;
				CLANG_WARN_INFINITE_RECURSION = YES;
				CLANG_WARN_INT_CONVERSION = YES;
				CLANG_WARN_NON_LITERAL_NULL_CONVERSION = YES;
				CLANG_WARN_OBJC_IMPLICIT_RETAIN_SELF = YES;
				CLANG_WARN_OBJC_LITERAL_CONVERSION = YES;
				CLANG_WARN_OBJC_ROOT_CLASS = YES_ERROR;
				CLANG_WARN_RANGE_LOOP_ANALYSIS = YES;
				CLANG_WARN_STRICT_PROTOTYPES = YES;
				CLANG_WARN_SUSPICIOUS_MOVE = YES;
				CLANG_WARN_UNGUARDED_AVAILABILITY = YES_AGGRESSIVE;
				CLANG_WARN_UNREACHABLE_CODE = YES;
				CLANG_WARN__DUPLICATE_METHOD_MATCH = YES;
				CODE_SIGN_STYLE = Automatic;
				COPY_PHASE_STRIP = NO;
				CURRENT_PROJECT_VERSION = 1;
				DEBUG_INFORMATION_FORMAT = "dwarf-with-dsym";
				DEFINES_MODULE = YES;
				DYLIB_COMPATIBILITY_VERSION = 1;
				DYLIB_CURRENT_VERSION = 1;
				DYLIB_INSTALL_NAME_BASE = "@rpath";
				ENABLE_NS_ASSERTIONS = NO;
				ENABLE_STRICT_OBJC_MSGSEND = YES;
				GCC_C_LANGUAGE_STANDARD = gnu11;
				GCC_NO_COMMON_BLOCKS = YES;
				GCC_WARN_64_TO_32_BIT_CONVERSION = YES;
				GCC_WARN_ABOUT_RETURN_TYPE = YES_ERROR;
				GCC_WARN_UNDECLARED_SELECTOR = YES;
				GCC_WARN_UNINITIALIZED_AUTOS = YES_AGGRESSIVE;
				GCC_WARN_UNUSED_FUNCTION = YES;
				GCC_WARN_UNUSED_VARIABLE = YES;
				INFOPLIST_FILE = "$(SRCROOT)/DAO/Supporting Files/Info.plist";
				INSTALL_PATH = "$(LOCAL_LIBRARY_DIR)/Frameworks";
				IPHONEOS_DEPLOYMENT_TARGET = 9.0;
				LD_RUNPATH_SEARCH_PATHS = (
					"$(inherited)",
					"@executable_path/Frameworks",
					"@loader_path/Frameworks",
				);
				MARKETING_VERSION = 1.5.0;
				MTL_ENABLE_DEBUG_INFO = NO;
				MTL_FAST_MATH = YES;
				PRODUCT_BUNDLE_IDENTIFIER = ru.redmadrobot.CoreDataDAO;
				PRODUCT_NAME = "$(TARGET_NAME:c99extidentifier)";
				SDKROOT = iphoneos;
				SKIP_INSTALL = YES;
				SWIFT_COMPILATION_MODE = wholemodule;
				SWIFT_OPTIMIZATION_LEVEL = "-O";
				SWIFT_VERSION = 5.0;
				TARGETED_DEVICE_FAMILY = "1,2";
				VALIDATE_PRODUCT = YES;
				VERSIONING_SYSTEM = "apple-generic";
				VERSION_INFO_PREFIX = "";
			};
			name = Release;
		};
/* End XCBuildConfiguration section */

/* Begin XCConfigurationList section */
		CC7411CE2374116F0032D352 /* Build configuration list for PBXProject "DAO" */ = {
			isa = XCConfigurationList;
			buildConfigurations = (
				CC7411CF2374116F0032D352 /* Debug */,
				CC7411D02374116F0032D352 /* Release */,
			);
			defaultConfigurationIsVisible = 0;
			defaultConfigurationName = Release;
		};
		CC7411DE2374124D0032D352 /* Build configuration list for PBXNativeTarget "RealmDAO" */ = {
			isa = XCConfigurationList;
			buildConfigurations = (
				CC7411DC2374124D0032D352 /* Debug */,
				CC7411DD2374124D0032D352 /* Release */,
			);
			defaultConfigurationIsVisible = 0;
			defaultConfigurationName = Release;
		};
		CC7411E9237412650032D352 /* Build configuration list for PBXNativeTarget "CoreDataDAO" */ = {
			isa = XCConfigurationList;
			buildConfigurations = (
				CC7411EA237412650032D352 /* Debug */,
				CC7411EB237412650032D352 /* Release */,
			);
			defaultConfigurationIsVisible = 0;
			defaultConfigurationName = Release;
		};
/* End XCConfigurationList section */
	};
	rootObject = CC7411CB2374116F0032D352 /* Project object */;
}
