PODS:
  - Realm (1.0.2):
    - Realm/Headers (= 1.0.2)
  - Realm/Headers (1.0.2)
  - RealmSwift (1.0.2):
    - Realm (= 1.0.2)

DEPENDENCIES:
  - Realm (from `https://github.com/realm/realm-cocoa.git`, branch `master`)
  - RealmSwift (from `https://github.com/realm/realm-cocoa`, branch `master`)

EXTERNAL SOURCES:
  Realm:
    :branch: master
    :git: https://github.com/realm/realm-cocoa.git
    :submodules: true
  RealmSwift:
    :branch: master
    :git: https://github.com/realm/realm-cocoa
    :submodules: true

CHECKOUT OPTIONS:
  Realm:
    :commit: 8e833ea68802d008c4a7caf118781af97782a481
    :git: https://github.com/realm/realm-cocoa.git
    :submodules: true
  RealmSwift:
    :commit: 8e833ea68802d008c4a7caf118781af97782a481
    :git: https://github.com/realm/realm-cocoa
    :submodules: true

SPEC CHECKSUMS:
  Realm: 2948cfa3a05b7acc446abc4c124d443df646c8de
  RealmSwift: 4816c8608630a9a00bba6d726bb30b4bab6dd6bf

PODFILE CHECKSUM: 97feb212558f6176708a3e49eae25e57c0e584e9

COCOAPODS: 1.0.1
