PODS:
  - Realm (0.103.0):
    - Realm/Headers (= 0.103.0)
  - Realm/Headers (0.103.0)
  - RealmSwift (0.103.0):
    - Realm (= 0.103.0)

DEPENDENCIES:
  - RealmSwift

SPEC CHECKSUMS:
  Realm: 99c44c3a9e075638478d4134e28d9026a6de07c4
  RealmSwift: daaa1789eb581f2f8c2a05a25f463a6f70df5a5f

COCOAPODS: 0.39.0
